
Microsoft Visual Studio Solution File, Format Version 12.00
# Visual Studio Version 17
VisualStudioVersion = 17.1.32328.378
MinimumVisualStudioVersion = 10.0.40219.1
Project("{FAE04EC0-301F-11D3-BF4B-00C04F79EFBC}") = "VetAdminAPI", "VetAdminAPI\VetAdminAPI.csproj", "{9A83F835-3EEB-4585-B317-4863F02FEDA8}"
EndProject
Project("{2150E333-8FDC-42A3-9474-1A3956D46DE8}") = "1.- API", "1.- API", "{F61BD39A-1BCE-4865-B800-FE1866C84214}"
EndProject
Project("{2150E333-8FDC-42A3-9474-1A3956D46DE8}") = "2.- NEGOCIOS", "2.- NEGOCIOS", "{03AD7654-F65D-4DF0-B1C2-C59A2EE1418E}"
EndProject
Project("{2150E333-8FDC-42A3-9474-1A3956D46DE8}") = "3.- DATOS", "3.- DATOS", "{9460C892-D634-48B0-9CFC-79B6BAE4C021}"
EndProject
Project("{2150E333-8FDC-42A3-9474-1A3956D46DE8}") = "4.- ENTIDADES", "4.- ENTIDADES", "{206F4A73-88A2-46F1-8A67-C49C174B689F}"
EndProject
Project("{2150E333-8FDC-42A3-9474-1A3956D46DE8}") = "5.- UTILITARIOS", "5.- UTILITARIOS", "{02826247-8880-4173-8D6F-3411523CD9E2}"
EndProject
Project("{FAE04EC0-301F-11D3-BF4B-00C04F79EFBC}") = "VetAdminNE", "VetAdminNE\VetAdminNE.csproj", "{0D7BA721-80FF-4DBD-82E7-09BDAAF90BAC}"
EndProject
Project("{FAE04EC0-301F-11D3-BF4B-00C04F79EFBC}") = "VetAdminAD", "VetAdminAD\VetAdminAD.csproj", "{7576A7F9-29EB-4CF3-A55B-1A8708796920}"
EndProject
Project("{FAE04EC0-301F-11D3-BF4B-00C04F79EFBC}") = "VetAdminEN", "VetAdminEN\VetAdminEN.csproj", "{4873AC8A-B960-4837-B62E-B8451480BB01}"
EndProject
Project("{FAE04EC0-301F-11D3-BF4B-00C04F79EFBC}") = "VetAdminUTL", "VetAdminUTL\VetAdminUTL.csproj", "{E15F0BDA-3730-4ECD-9D69-211AB245388A}"
EndProject
Project("{2150E333-8FDC-42A3-9474-1A3956D46DE8}") = "Solution Items", "Solution Items", "{088F4ACC-2F42-4278-BFF6-CCECD41F272D}"
	ProjectSection(SolutionItems) = preProject
		.editorconfig = .editorconfig
	EndProjectSection
EndProject
Global
	GlobalSection(SolutionConfigurationPlatforms) = preSolution
		Debug|Any CPU = Debug|Any CPU
		Release|Any CPU = Release|Any CPU
	EndGlobalSection
	GlobalSection(ProjectConfigurationPlatforms) = postSolution
		{9A83F835-3EEB-4585-B317-4863F02FEDA8}.Debug|Any CPU.ActiveCfg = Debug|Any CPU
		{9A83F835-3EEB-4585-B317-4863F02FEDA8}.Debug|Any CPU.Build.0 = Debug|Any CPU
		{9A83F835-3EEB-4585-B317-4863F02FEDA8}.Release|Any CPU.ActiveCfg = Release|Any CPU
		{9A83F835-3EEB-4585-B317-4863F02FEDA8}.Release|Any CPU.Build.0 = Release|Any CPU
		{0D7BA721-80FF-4DBD-82E7-09BDAAF90BAC}.Debug|Any CPU.ActiveCfg = Debug|Any CPU
		{0D7BA721-80FF-4DBD-82E7-09BDAAF90BAC}.Debug|Any CPU.Build.0 = Debug|Any CPU
		{0D7BA721-80FF-4DBD-82E7-09BDAAF90BAC}.Release|Any CPU.ActiveCfg = Release|Any CPU
		{0D7BA721-80FF-4DBD-82E7-09BDAAF90BAC}.Release|Any CPU.Build.0 = Release|Any CPU
		{7576A7F9-29EB-4CF3-A55B-1A8708796920}.Debug|Any CPU.ActiveCfg = Debug|Any CPU
		{7576A7F9-29EB-4CF3-A55B-1A8708796920}.Debug|Any CPU.Build.0 = Debug|Any CPU
		{7576A7F9-29EB-4CF3-A55B-1A8708796920}.Release|Any CPU.ActiveCfg = Release|Any CPU
		{7576A7F9-29EB-4CF3-A55B-1A8708796920}.Release|Any CPU.Build.0 = Release|Any CPU
		{4873AC8A-B960-4837-B62E-B8451480BB01}.Debug|Any CPU.ActiveCfg = Debug|Any CPU
		{4873AC8A-B960-4837-B62E-B8451480BB01}.Debug|Any CPU.Build.0 = Debug|Any CPU
		{4873AC8A-B960-4837-B62E-B8451480BB01}.Release|Any CPU.ActiveCfg = Release|Any CPU
		{4873AC8A-B960-4837-B62E-B8451480BB01}.Release|Any CPU.Build.0 = Release|Any CPU
		{E15F0BDA-3730-4ECD-9D69-211AB245388A}.Debug|Any CPU.ActiveCfg = Debug|Any CPU
		{E15F0BDA-3730-4ECD-9D69-211AB245388A}.Debug|Any CPU.Build.0 = Debug|Any CPU
		{E15F0BDA-3730-4ECD-9D69-211AB245388A}.Release|Any CPU.ActiveCfg = Release|Any CPU
		{E15F0BDA-3730-4ECD-9D69-211AB245388A}.Release|Any CPU.Build.0 = Release|Any CPU
	EndGlobalSection
	GlobalSection(SolutionProperties) = preSolution
		HideSolutionNode = FALSE
	EndGlobalSection
	GlobalSection(NestedProjects) = preSolution
		{9A83F835-3EEB-4585-B317-4863F02FEDA8} = {F61BD39A-1BCE-4865-B800-FE1866C84214}
		{0D7BA721-80FF-4DBD-82E7-09BDAAF90BAC} = {03AD7654-F65D-4DF0-B1C2-C59A2EE1418E}
		{7576A7F9-29EB-4CF3-A55B-1A8708796920} = {9460C892-D634-48B0-9CFC-79B6BAE4C021}
		{4873AC8A-B960-4837-B62E-B8451480BB01} = {206F4A73-88A2-46F1-8A67-C49C174B689F}
		{E15F0BDA-3730-4ECD-9D69-211AB245388A} = {02826247-8880-4173-8D6F-3411523CD9E2}
	EndGlobalSection
	GlobalSection(ExtensibilityGlobals) = postSolution
		SolutionGuid = {21C3B618-6C24-4017-A26F-D8AC5891767E}
	EndGlobalSection
EndGlobal
